
Microsoft Visual Studio Solution File, Format Version 12.00
# Visual Studio Version 17
VisualStudioVersion = 17.2.32526.322
MinimumVisualStudioVersion = 10.0.40219.1
Project("{FAE04EC0-301F-11D3-BF4B-00C04F79EFBC}") = "JokeOfTheDay", "JokeOfTheDay\JokeOfTheDay.csproj", "{EAB21480-489E-43AF-BBCE-B71C40B30931}"
EndProject
Global
	GlobalSection(SolutionConfigurationPlatforms) = preSolution
		Debug|Any CPU = Debug|Any CPU
		Release|Any CPU = Release|Any CPU
	EndGlobalSection
	GlobalSection(ProjectConfigurationPlatforms) = postSolution
		{EAB21480-489E-43AF-BBCE-B71C40B30931}.Debug|Any CPU.ActiveCfg = Debug|Any CPU
		{EAB21480-489E-43AF-BBCE-B71C40B30931}.Debug|Any CPU.Build.0 = Debug|Any CPU
		{EAB21480-489E-43AF-BBCE-B71C40B30931}.Release|Any CPU.ActiveCfg = Release|Any CPU
		{EAB21480-489E-43AF-BBCE-B71C40B30931}.Release|Any CPU.Build.0 = Release|Any CPU
	EndGlobalSection
	GlobalSection(SolutionProperties) = preSolution
		HideSolutionNode = FALSE
	EndGlobalSection
	GlobalSection(ExtensibilityGlobals) = postSolution
		SolutionGuid = {58038D6F-F6C8-4FA6-BB6D-B2423DE88FF1}
	EndGlobalSection
EndGlobal
